{
  "name": "chasqui-copesa",
  "version": "0.0.1",
  "lockfileVersion": 1,
  "requires": true,
  "dependencies": {
    "vue-carousel": {
      "version": "0.10.0",
      "resolved": "https://registry.npmjs.org/vue-carousel/-/vue-carousel-0.10.0.tgz",
      "integrity": "sha512-7Kc22bWu6N5OBU6K/uHEGzG6EltF/QP8QarWrnQgNE4KVjVnGhc6mzy08ZtvZ+5VGwGtwBp5lMY0IesS7gMiQw=="
    }
  }
}
